// !$*UTF8*$!
{
	archiveVersion = 1;
	classes = {
	};
	objectVersion = 46;
	objects = {

/* Begin PBXBuildFile section */
		3B16D2E21CBE9B1000BE562C /* RPSGame.swift in Sources */ = {isa = PBXBuildFile; fileRef = 3B16D2E11CBE9B1000BE562C /* RPSGame.swift */; };
		3B16D2E71CBE9C6800BE562C /* RPSViewController.swift in Sources */ = {isa = PBXBuildFile; fileRef = 3B16D2E61CBE9C6800BE562C /* RPSViewController.swift */; };
		3B16D2F01CBFF11600BE562C /* MatchmakingServer.swift in Sources */ = {isa = PBXBuildFile; fileRef = 3B16D2EF1CBFF11600BE562C /* MatchmakingServer.swift */; };
		3B16D2F21CBFF12800BE562C /* MatchmakingClient.swift in Sources */ = {isa = PBXBuildFile; fileRef = 3B16D2F11CBFF12800BE562C /* MatchmakingClient.swift */; };
		3B16D2F61CBFF2A900BE562C /* MultipeerConnectivity.framework in Frameworks */ = {isa = PBXBuildFile; fileRef = 3B16D2F51CBFF2A900BE562C /* MultipeerConnectivity.framework */; };
		3BD236831CEA1BD800AC6A1A /* RPSReadyViewController.swift in Sources */ = {isa = PBXBuildFile; fileRef = 3BD236821CEA1BD800AC6A1A /* RPSReadyViewController.swift */; };
		3BD236851CEA1BED00AC6A1A /* RPSWinnerViewController.swift in Sources */ = {isa = PBXBuildFile; fileRef = 3BD236841CEA1BED00AC6A1A /* RPSWinnerViewController.swift */; };
		3BEC003A1CB5602B00DAE876 /* AppDelegate.swift in Sources */ = {isa = PBXBuildFile; fileRef = 3BEC00391CB5602B00DAE876 /* AppDelegate.swift */; };
		3BEC003C1CB5602B00DAE876 /* ViewController.swift in Sources */ = {isa = PBXBuildFile; fileRef = 3BEC003B1CB5602B00DAE876 /* ViewController.swift */; };
		3BEC00411CB5602B00DAE876 /* Assets.xcassets in Resources */ = {isa = PBXBuildFile; fileRef = 3BEC00401CB5602B00DAE876 /* Assets.xcassets */; };
		3BEC00441CB5602B00DAE876 /* LaunchScreen.storyboard in Resources */ = {isa = PBXBuildFile; fileRef = 3BEC00421CB5602B00DAE876 /* LaunchScreen.storyboard */; };
		3BEC004F1CB5602C00DAE876 /* Bluetooth_PartyTests.swift in Sources */ = {isa = PBXBuildFile; fileRef = 3BEC004E1CB5602C00DAE876 /* Bluetooth_PartyTests.swift */; };
		3BEC005A1CB5602C00DAE876 /* Bluetooth_PartyUITests.swift in Sources */ = {isa = PBXBuildFile; fileRef = 3BEC00591CB5602C00DAE876 /* Bluetooth_PartyUITests.swift */; };
		3BEC00681CB5605500DAE876 /* Main.storyboard in Resources */ = {isa = PBXBuildFile; fileRef = 3BEC00671CB5605500DAE876 /* Main.storyboard */; };
		3BEC00821CB6AF6800DAE876 /* GameSelectionViewController.swift in Sources */ = {isa = PBXBuildFile; fileRef = 3BEC00811CB6AF6800DAE876 /* GameSelectionViewController.swift */; };
		3BEC00841CB6AF7900DAE876 /* GameSettingsViewController.swift in Sources */ = {isa = PBXBuildFile; fileRef = 3BEC00831CB6AF7900DAE876 /* GameSettingsViewController.swift */; };
		3BEC00861CB6AFE700DAE876 /* LobbyListViewController.swift in Sources */ = {isa = PBXBuildFile; fileRef = 3BEC00851CB6AFE700DAE876 /* LobbyListViewController.swift */; };
		3BEC00881CB6AFF900DAE876 /* PlayerListViewController.swift in Sources */ = {isa = PBXBuildFile; fileRef = 3BEC00871CB6AFF900DAE876 /* PlayerListViewController.swift */; };
		3BEC008A1CB6B16900DAE876 /* JoinWithNameViewController.swift in Sources */ = {isa = PBXBuildFile; fileRef = 3BEC00891CB6B16900DAE876 /* JoinWithNameViewController.swift */; };
		3BEC008E1CB6B6B900DAE876 /* Game.swift in Sources */ = {isa = PBXBuildFile; fileRef = 3BEC008D1CB6B6B900DAE876 /* Game.swift */; };
		3F4315B01CE974C400FB7FFA /* RPSCountdownViewController.swift in Sources */ = {isa = PBXBuildFile; fileRef = 3F4315AF1CE974C400FB7FFA /* RPSCountdownViewController.swift */; };
		3FCC9F711CE231290066CE57 /* MafiaViewController.swift in Sources */ = {isa = PBXBuildFile; fileRef = 3FCC9F701CE231290066CE57 /* MafiaViewController.swift */; };
		3FCC9F731CE232730066CE57 /* DayViewController.swift in Sources */ = {isa = PBXBuildFile; fileRef = 3FCC9F721CE232730066CE57 /* DayViewController.swift */; };
		3FCC9F751CE232960066CE57 /* NightViewController.swift in Sources */ = {isa = PBXBuildFile; fileRef = 3FCC9F741CE232960066CE57 /* NightViewController.swift */; };
		3FCC9F771CE232B60066CE57 /* DefenseViewController.swift in Sources */ = {isa = PBXBuildFile; fileRef = 3FCC9F761CE232B60066CE57 /* DefenseViewController.swift */; };
		3FCC9F791CE232FC0066CE57 /* ChargingViewController.swift in Sources */ = {isa = PBXBuildFile; fileRef = 3FCC9F781CE232FC0066CE57 /* ChargingViewController.swift */; };
		3FCC9F7B1CE233290066CE57 /* KillViewController.swift in Sources */ = {isa = PBXBuildFile; fileRef = 3FCC9F7A1CE233290066CE57 /* KillViewController.swift */; };
		3FCC9F7D1CE233620066CE57 /* DetermineGuiltViewController.swift in Sources */ = {isa = PBXBuildFile; fileRef = 3FCC9F7C1CE233620066CE57 /* DetermineGuiltViewController.swift */; };
		3FCC9F7F1CE2337E0066CE57 /* RevealRoleViewController.swift in Sources */ = {isa = PBXBuildFile; fileRef = 3FCC9F7E1CE2337E0066CE57 /* RevealRoleViewController.swift */; };
		3FCC9F821CE233BE0066CE57 /* MafiaGame.swift in Sources */ = {isa = PBXBuildFile; fileRef = 3FCC9F811CE233BE0066CE57 /* MafiaGame.swift */; };
/* End PBXBuildFile section */

/* Begin PBXContainerItemProxy section */
		3BEC004B1CB5602C00DAE876 /* PBXContainerItemProxy */ = {
			isa = PBXContainerItemProxy;
			containerPortal = 3BEC002E1CB5602B00DAE876 /* Project object */;
			proxyType = 1;
			remoteGlobalIDString = 3BEC00351CB5602B00DAE876;
			remoteInfo = "Bluetooth Party";
		};
		3BEC00561CB5602C00DAE876 /* PBXContainerItemProxy */ = {
			isa = PBXContainerItemProxy;
			containerPortal = 3BEC002E1CB5602B00DAE876 /* Project object */;
			proxyType = 1;
			remoteGlobalIDString = 3BEC00351CB5602B00DAE876;
			remoteInfo = "Bluetooth Party";
		};
/* End PBXContainerItemProxy section */

/* Begin PBXFileReference section */
		3B16D2E11CBE9B1000BE562C /* RPSGame.swift */ = {isa = PBXFileReference; fileEncoding = 4; lastKnownFileType = sourcecode.swift; path = RPSGame.swift; sourceTree = "<group>"; };
		3B16D2E61CBE9C6800BE562C /* RPSViewController.swift */ = {isa = PBXFileReference; fileEncoding = 4; lastKnownFileType = sourcecode.swift; path = RPSViewController.swift; sourceTree = "<group>"; };
		3B16D2EF1CBFF11600BE562C /* MatchmakingServer.swift */ = {isa = PBXFileReference; fileEncoding = 4; lastKnownFileType = sourcecode.swift; path = MatchmakingServer.swift; sourceTree = "<group>"; };
		3B16D2F11CBFF12800BE562C /* MatchmakingClient.swift */ = {isa = PBXFileReference; fileEncoding = 4; lastKnownFileType = sourcecode.swift; path = MatchmakingClient.swift; sourceTree = "<group>"; };
		3B16D2F51CBFF2A900BE562C /* MultipeerConnectivity.framework */ = {isa = PBXFileReference; lastKnownFileType = wrapper.framework; name = MultipeerConnectivity.framework; path = System/Library/Frameworks/MultipeerConnectivity.framework; sourceTree = SDKROOT; };
		3BD236821CEA1BD800AC6A1A /* RPSReadyViewController.swift */ = {isa = PBXFileReference; fileEncoding = 4; lastKnownFileType = sourcecode.swift; path = RPSReadyViewController.swift; sourceTree = "<group>"; };
		3BD236841CEA1BED00AC6A1A /* RPSWinnerViewController.swift */ = {isa = PBXFileReference; fileEncoding = 4; lastKnownFileType = sourcecode.swift; path = RPSWinnerViewController.swift; sourceTree = "<group>"; };
		3BEC00361CB5602B00DAE876 /* Bluetooth Party.app */ = {isa = PBXFileReference; explicitFileType = wrapper.application; includeInIndex = 0; path = "Bluetooth Party.app"; sourceTree = BUILT_PRODUCTS_DIR; };
		3BEC00391CB5602B00DAE876 /* AppDelegate.swift */ = {isa = PBXFileReference; lastKnownFileType = sourcecode.swift; path = AppDelegate.swift; sourceTree = "<group>"; };
		3BEC003B1CB5602B00DAE876 /* ViewController.swift */ = {isa = PBXFileReference; lastKnownFileType = sourcecode.swift; path = ViewController.swift; sourceTree = "<group>"; };
		3BEC00401CB5602B00DAE876 /* Assets.xcassets */ = {isa = PBXFileReference; lastKnownFileType = folder.assetcatalog; path = Assets.xcassets; sourceTree = "<group>"; };
		3BEC00431CB5602B00DAE876 /* Base */ = {isa = PBXFileReference; lastKnownFileType = file.storyboard; name = Base; path = Base.lproj/LaunchScreen.storyboard; sourceTree = "<group>"; };
		3BEC00451CB5602B00DAE876 /* Info.plist */ = {isa = PBXFileReference; lastKnownFileType = text.plist.xml; path = Info.plist; sourceTree = "<group>"; };
		3BEC004A1CB5602C00DAE876 /* Bluetooth PartyTests.xctest */ = {isa = PBXFileReference; explicitFileType = wrapper.cfbundle; includeInIndex = 0; path = "Bluetooth PartyTests.xctest"; sourceTree = BUILT_PRODUCTS_DIR; };
		3BEC004E1CB5602C00DAE876 /* Bluetooth_PartyTests.swift */ = {isa = PBXFileReference; lastKnownFileType = sourcecode.swift; path = Bluetooth_PartyTests.swift; sourceTree = "<group>"; };
		3BEC00501CB5602C00DAE876 /* Info.plist */ = {isa = PBXFileReference; lastKnownFileType = text.plist.xml; path = Info.plist; sourceTree = "<group>"; };
		3BEC00551CB5602C00DAE876 /* Bluetooth PartyUITests.xctest */ = {isa = PBXFileReference; explicitFileType = wrapper.cfbundle; includeInIndex = 0; path = "Bluetooth PartyUITests.xctest"; sourceTree = BUILT_PRODUCTS_DIR; };
		3BEC00591CB5602C00DAE876 /* Bluetooth_PartyUITests.swift */ = {isa = PBXFileReference; lastKnownFileType = sourcecode.swift; path = Bluetooth_PartyUITests.swift; sourceTree = "<group>"; };
		3BEC005B1CB5602C00DAE876 /* Info.plist */ = {isa = PBXFileReference; lastKnownFileType = text.plist.xml; path = Info.plist; sourceTree = "<group>"; };
		3BEC00671CB5605500DAE876 /* Main.storyboard */ = {isa = PBXFileReference; fileEncoding = 4; lastKnownFileType = file.storyboard; path = Main.storyboard; sourceTree = "<group>"; };
		3BEC00811CB6AF6800DAE876 /* GameSelectionViewController.swift */ = {isa = PBXFileReference; fileEncoding = 4; lastKnownFileType = sourcecode.swift; path = GameSelectionViewController.swift; sourceTree = "<group>"; };
		3BEC00831CB6AF7900DAE876 /* GameSettingsViewController.swift */ = {isa = PBXFileReference; fileEncoding = 4; lastKnownFileType = sourcecode.swift; path = GameSettingsViewController.swift; sourceTree = "<group>"; };
		3BEC00851CB6AFE700DAE876 /* LobbyListViewController.swift */ = {isa = PBXFileReference; fileEncoding = 4; lastKnownFileType = sourcecode.swift; path = LobbyListViewController.swift; sourceTree = "<group>"; };
		3BEC00871CB6AFF900DAE876 /* PlayerListViewController.swift */ = {isa = PBXFileReference; fileEncoding = 4; lastKnownFileType = sourcecode.swift; path = PlayerListViewController.swift; sourceTree = "<group>"; };
		3BEC00891CB6B16900DAE876 /* JoinWithNameViewController.swift */ = {isa = PBXFileReference; fileEncoding = 4; lastKnownFileType = sourcecode.swift; path = JoinWithNameViewController.swift; sourceTree = "<group>"; };
		3BEC008D1CB6B6B900DAE876 /* Game.swift */ = {isa = PBXFileReference; fileEncoding = 4; lastKnownFileType = sourcecode.swift; path = Game.swift; sourceTree = "<group>"; };
		3F4315AF1CE974C400FB7FFA /* RPSCountdownViewController.swift */ = {isa = PBXFileReference; fileEncoding = 4; lastKnownFileType = sourcecode.swift; path = RPSCountdownViewController.swift; sourceTree = "<group>"; };
		3FCC9F701CE231290066CE57 /* MafiaViewController.swift */ = {isa = PBXFileReference; fileEncoding = 4; lastKnownFileType = sourcecode.swift; path = MafiaViewController.swift; sourceTree = "<group>"; };
		3FCC9F721CE232730066CE57 /* DayViewController.swift */ = {isa = PBXFileReference; fileEncoding = 4; lastKnownFileType = sourcecode.swift; path = DayViewController.swift; sourceTree = "<group>"; };
		3FCC9F741CE232960066CE57 /* NightViewController.swift */ = {isa = PBXFileReference; fileEncoding = 4; lastKnownFileType = sourcecode.swift; path = NightViewController.swift; sourceTree = "<group>"; };
		3FCC9F761CE232B60066CE57 /* DefenseViewController.swift */ = {isa = PBXFileReference; fileEncoding = 4; lastKnownFileType = sourcecode.swift; path = DefenseViewController.swift; sourceTree = "<group>"; };
		3FCC9F781CE232FC0066CE57 /* ChargingViewController.swift */ = {isa = PBXFileReference; fileEncoding = 4; lastKnownFileType = sourcecode.swift; path = ChargingViewController.swift; sourceTree = "<group>"; };
		3FCC9F7A1CE233290066CE57 /* KillViewController.swift */ = {isa = PBXFileReference; fileEncoding = 4; lastKnownFileType = sourcecode.swift; path = KillViewController.swift; sourceTree = "<group>"; };
		3FCC9F7C1CE233620066CE57 /* DetermineGuiltViewController.swift */ = {isa = PBXFileReference; fileEncoding = 4; lastKnownFileType = sourcecode.swift; path = DetermineGuiltViewController.swift; sourceTree = "<group>"; };
		3FCC9F7E1CE2337E0066CE57 /* RevealRoleViewController.swift */ = {isa = PBXFileReference; fileEncoding = 4; lastKnownFileType = sourcecode.swift; path = RevealRoleViewController.swift; sourceTree = "<group>"; };
		3FCC9F811CE233BE0066CE57 /* MafiaGame.swift */ = {isa = PBXFileReference; fileEncoding = 4; lastKnownFileType = sourcecode.swift; name = MafiaGame.swift; path = ../MafiaGame.swift; sourceTree = "<group>"; };
		3FD66F3B1CC7D6CC007A85BC /* RPS2ViewController.swift */ = {isa = PBXFileReference; fileEncoding = 4; lastKnownFileType = sourcecode.swift; path = RPS2ViewController.swift; sourceTree = "<group>"; };
/* End PBXFileReference section */

/* Begin PBXFrameworksBuildPhase section */
		3BEC00331CB5602B00DAE876 /* Frameworks */ = {
			isa = PBXFrameworksBuildPhase;
			buildActionMask = 2147483647;
			files = (
				3B16D2F61CBFF2A900BE562C /* MultipeerConnectivity.framework in Frameworks */,
			);
			runOnlyForDeploymentPostprocessing = 0;
		};
		3BEC00471CB5602C00DAE876 /* Frameworks */ = {
			isa = PBXFrameworksBuildPhase;
			buildActionMask = 2147483647;
			files = (
			);
			runOnlyForDeploymentPostprocessing = 0;
		};
		3BEC00521CB5602C00DAE876 /* Frameworks */ = {
			isa = PBXFrameworksBuildPhase;
			buildActionMask = 2147483647;
			files = (
			);
			runOnlyForDeploymentPostprocessing = 0;
		};
/* End PBXFrameworksBuildPhase section */

/* Begin PBXGroup section */
		3B16D2E31CBE9B9700BE562C /* GameViewControllers */ = {
			isa = PBXGroup;
			children = (
				3BD236791CEA1B1100AC6A1A /* RPS */,
				3FCC9F801CE2338B0066CE57 /* Mafia */,
			);
			name = GameViewControllers;
			sourceTree = "<group>";
		};
		3B16D2E81CBFEF3D00BE562C /* Matchmaking */ = {
			isa = PBXGroup;
			children = (
				3B16D2EF1CBFF11600BE562C /* MatchmakingServer.swift */,
				3B16D2F11CBFF12800BE562C /* MatchmakingClient.swift */,
			);
			name = Matchmaking;
			sourceTree = "<group>";
		};
		3BD236791CEA1B1100AC6A1A /* RPS */ = {
			isa = PBXGroup;
			children = (
				3FD66F3B1CC7D6CC007A85BC /* RPS2ViewController.swift */,
				3B16D2E61CBE9C6800BE562C /* RPSViewController.swift */,
				3BD236821CEA1BD800AC6A1A /* RPSReadyViewController.swift */,
				3BD236841CEA1BED00AC6A1A /* RPSWinnerViewController.swift */,
			);
			name = RPS;
			sourceTree = "<group>";
		};
		3BEC002D1CB5602B00DAE876 = {
			isa = PBXGroup;
			children = (
				3B16D2F51CBFF2A900BE562C /* MultipeerConnectivity.framework */,
				3BEC00381CB5602B00DAE876 /* Bluetooth Party */,
				3BEC004D1CB5602C00DAE876 /* Bluetooth PartyTests */,
				3BEC00581CB5602C00DAE876 /* Bluetooth PartyUITests */,
				3BEC00371CB5602B00DAE876 /* Products */,
			);
			sourceTree = "<group>";
		};
		3BEC00371CB5602B00DAE876 /* Products */ = {
			isa = PBXGroup;
			children = (
				3BEC00361CB5602B00DAE876 /* Bluetooth Party.app */,
				3BEC004A1CB5602C00DAE876 /* Bluetooth PartyTests.xctest */,
				3BEC00551CB5602C00DAE876 /* Bluetooth PartyUITests.xctest */,
			);
			name = Products;
			sourceTree = "<group>";
		};
		3BEC00381CB5602B00DAE876 /* Bluetooth Party */ = {
			isa = PBXGroup;
			children = (
				3B16D2E81CBFEF3D00BE562C /* Matchmaking */,
				3B16D2E31CBE9B9700BE562C /* GameViewControllers */,
				3BEC007E1CB6AF4500DAE876 /* Menus */,
				3BEC008D1CB6B6B900DAE876 /* Game.swift */,
				3BEC00801CB6AF5300DAE876 /* Group */,
				3BEC007F1CB6AF4F00DAE876 /* Dueling */,
				3BEC00671CB5605500DAE876 /* Main.storyboard */,
				3BEC00391CB5602B00DAE876 /* AppDelegate.swift */,
				3BEC00401CB5602B00DAE876 /* Assets.xcassets */,
				3BEC00421CB5602B00DAE876 /* LaunchScreen.storyboard */,
				3BEC00451CB5602B00DAE876 /* Info.plist */,
			);
			path = "Bluetooth Party";
			sourceTree = "<group>";
		};
		3BEC004D1CB5602C00DAE876 /* Bluetooth PartyTests */ = {
			isa = PBXGroup;
			children = (
				3BEC004E1CB5602C00DAE876 /* Bluetooth_PartyTests.swift */,
				3BEC00501CB5602C00DAE876 /* Info.plist */,
			);
			path = "Bluetooth PartyTests";
			sourceTree = "<group>";
		};
		3BEC00581CB5602C00DAE876 /* Bluetooth PartyUITests */ = {
			isa = PBXGroup;
			children = (
				3BEC00591CB5602C00DAE876 /* Bluetooth_PartyUITests.swift */,
				3BEC005B1CB5602C00DAE876 /* Info.plist */,
			);
			path = "Bluetooth PartyUITests";
			sourceTree = "<group>";
		};
		3BEC007E1CB6AF4500DAE876 /* Menus */ = {
			isa = PBXGroup;
			children = (
				3BEC003B1CB5602B00DAE876 /* ViewController.swift */,
				3BEC00811CB6AF6800DAE876 /* GameSelectionViewController.swift */,
				3BEC00831CB6AF7900DAE876 /* GameSettingsViewController.swift */,
				3BEC00851CB6AFE700DAE876 /* LobbyListViewController.swift */,
				3BEC00871CB6AFF900DAE876 /* PlayerListViewController.swift */,
				3BEC00891CB6B16900DAE876 /* JoinWithNameViewController.swift */,
			);
			name = Menus;
			sourceTree = "<group>";
		};
		3BEC007F1CB6AF4F00DAE876 /* Dueling */ = {
			isa = PBXGroup;
			children = (
				3B16D2E11CBE9B1000BE562C /* RPSGame.swift */,
			);
			name = Dueling;
			sourceTree = "<group>";
		};
		3BEC00801CB6AF5300DAE876 /* Group */ = {
			isa = PBXGroup;
			children = (
				3FCC9F811CE233BE0066CE57 /* MafiaGame.swift */,
			);
			name = Group;
			sourceTree = "<group>";
		};
		3FB553981CE385F900132769 /* RPS */ = {
			isa = PBXGroup;
			children = (
				3F4315AF1CE974C400FB7FFA /* RPSCountdownViewController.swift */,
				3B16D2E61CBE9C6800BE562C /* RPSViewController.swift */,
				3FD66F3B1CC7D6CC007A85BC /* RPS2ViewController.swift */,
			);
			name = RPS;
			sourceTree = "<group>";
		};
		3FCC9F801CE2338B0066CE57 /* Mafia */ = {
			isa = PBXGroup;
			children = (
				3FCC9F701CE231290066CE57 /* MafiaViewController.swift */,
				3FCC9F721CE232730066CE57 /* DayViewController.swift */,
				3FCC9F741CE232960066CE57 /* NightViewController.swift */,
				3FCC9F7A1CE233290066CE57 /* KillViewController.swift */,
				3FCC9F781CE232FC0066CE57 /* ChargingViewController.swift */,
				3FCC9F761CE232B60066CE57 /* DefenseViewController.swift */,
				3FCC9F7C1CE233620066CE57 /* DetermineGuiltViewController.swift */,
				3FCC9F7E1CE2337E0066CE57 /* RevealRoleViewController.swift */,
			);
			name = Mafia;
			sourceTree = "<group>";
		};
/* End PBXGroup section */

/* Begin PBXNativeTarget section */
		3BEC00351CB5602B00DAE876 /* Bluetooth Party */ = {
			isa = PBXNativeTarget;
			buildConfigurationList = 3BEC005E1CB5602C00DAE876 /* Build configuration list for PBXNativeTarget "Bluetooth Party" */;
			buildPhases = (
				3BEC00321CB5602B00DAE876 /* Sources */,
				3BEC00331CB5602B00DAE876 /* Frameworks */,
				3BEC00341CB5602B00DAE876 /* Resources */,
			);
			buildRules = (
			);
			dependencies = (
			);
			name = "Bluetooth Party";
			productName = "Bluetooth Party";
			productReference = 3BEC00361CB5602B00DAE876 /* Bluetooth Party.app */;
			productType = "com.apple.product-type.application";
		};
		3BEC00491CB5602C00DAE876 /* Bluetooth PartyTests */ = {
			isa = PBXNativeTarget;
			buildConfigurationList = 3BEC00611CB5602C00DAE876 /* Build configuration list for PBXNativeTarget "Bluetooth PartyTests" */;
			buildPhases = (
				3BEC00461CB5602C00DAE876 /* Sources */,
				3BEC00471CB5602C00DAE876 /* Frameworks */,
				3BEC00481CB5602C00DAE876 /* Resources */,
			);
			buildRules = (
			);
			dependencies = (
				3BEC004C1CB5602C00DAE876 /* PBXTargetDependency */,
			);
			name = "Bluetooth PartyTests";
			productName = "Bluetooth PartyTests";
			productReference = 3BEC004A1CB5602C00DAE876 /* Bluetooth PartyTests.xctest */;
			productType = "com.apple.product-type.bundle.unit-test";
		};
		3BEC00541CB5602C00DAE876 /* Bluetooth PartyUITests */ = {
			isa = PBXNativeTarget;
			buildConfigurationList = 3BEC00641CB5602C00DAE876 /* Build configuration list for PBXNativeTarget "Bluetooth PartyUITests" */;
			buildPhases = (
				3BEC00511CB5602C00DAE876 /* Sources */,
				3BEC00521CB5602C00DAE876 /* Frameworks */,
				3BEC00531CB5602C00DAE876 /* Resources */,
			);
			buildRules = (
			);
			dependencies = (
				3BEC00571CB5602C00DAE876 /* PBXTargetDependency */,
			);
			name = "Bluetooth PartyUITests";
			productName = "Bluetooth PartyUITests";
			productReference = 3BEC00551CB5602C00DAE876 /* Bluetooth PartyUITests.xctest */;
			productType = "com.apple.product-type.bundle.ui-testing";
		};
/* End PBXNativeTarget section */

/* Begin PBXProject section */
		3BEC002E1CB5602B00DAE876 /* Project object */ = {
			isa = PBXProject;
			attributes = {
				LastSwiftUpdateCheck = 0720;
				LastUpgradeCheck = 0720;
				ORGANIZATIONNAME = "Bluetooth Party Development Team";
				TargetAttributes = {
					3BEC00351CB5602B00DAE876 = {
						CreatedOnToolsVersion = 7.2.1;
						DevelopmentTeam = C6RFE6RMEJ;
					};
					3BEC00491CB5602C00DAE876 = {
						CreatedOnToolsVersion = 7.2.1;
						DevelopmentTeam = C6RFE6RMEJ;
						TestTargetID = 3BEC00351CB5602B00DAE876;
					};
					3BEC00541CB5602C00DAE876 = {
						CreatedOnToolsVersion = 7.2.1;
						DevelopmentTeam = C6RFE6RMEJ;
						TestTargetID = 3BEC00351CB5602B00DAE876;
					};
				};
			};
			buildConfigurationList = 3BEC00311CB5602B00DAE876 /* Build configuration list for PBXProject "Bluetooth Party" */;
			compatibilityVersion = "Xcode 3.2";
			developmentRegion = English;
			hasScannedForEncodings = 0;
			knownRegions = (
				en,
				Base,
			);
			mainGroup = 3BEC002D1CB5602B00DAE876;
			productRefGroup = 3BEC00371CB5602B00DAE876 /* Products */;
			projectDirPath = "";
			projectRoot = "";
			targets = (
				3BEC00351CB5602B00DAE876 /* Bluetooth Party */,
				3BEC00491CB5602C00DAE876 /* Bluetooth PartyTests */,
				3BEC00541CB5602C00DAE876 /* Bluetooth PartyUITests */,
			);
		};
/* End PBXProject section */

/* Begin PBXResourcesBuildPhase section */
		3BEC00341CB5602B00DAE876 /* Resources */ = {
			isa = PBXResourcesBuildPhase;
			buildActionMask = 2147483647;
			files = (
				3BEC00681CB5605500DAE876 /* Main.storyboard in Resources */,
				3BEC00441CB5602B00DAE876 /* LaunchScreen.storyboard in Resources */,
				3BEC00411CB5602B00DAE876 /* Assets.xcassets in Resources */,
			);
			runOnlyForDeploymentPostprocessing = 0;
		};
		3BEC00481CB5602C00DAE876 /* Resources */ = {
			isa = PBXResourcesBuildPhase;
			buildActionMask = 2147483647;
			files = (
			);
			runOnlyForDeploymentPostprocessing = 0;
		};
		3BEC00531CB5602C00DAE876 /* Resources */ = {
			isa = PBXResourcesBuildPhase;
			buildActionMask = 2147483647;
			files = (
			);
			runOnlyForDeploymentPostprocessing = 0;
		};
/* End PBXResourcesBuildPhase section */

/* Begin PBXSourcesBuildPhase section */
		3BEC00321CB5602B00DAE876 /* Sources */ = {
			isa = PBXSourcesBuildPhase;
			buildActionMask = 2147483647;
			files = (
				3BEC003C1CB5602B00DAE876 /* ViewController.swift in Sources */,
				3FCC9F7B1CE233290066CE57 /* KillViewController.swift in Sources */,
				3B16D2F01CBFF11600BE562C /* MatchmakingServer.swift in Sources */,
				3B16D2F21CBFF12800BE562C /* MatchmakingClient.swift in Sources */,
				3FCC9F791CE232FC0066CE57 /* ChargingViewController.swift in Sources */,
				3B16D2E21CBE9B1000BE562C /* RPSGame.swift in Sources */,
				3FCC9F7D1CE233620066CE57 /* DetermineGuiltViewController.swift in Sources */,
				3BD236851CEA1BED00AC6A1A /* RPSWinnerViewController.swift in Sources */,
				3BEC008E1CB6B6B900DAE876 /* Game.swift in Sources */,
				3FCC9F711CE231290066CE57 /* MafiaViewController.swift in Sources */,
				3BEC00881CB6AFF900DAE876 /* PlayerListViewController.swift in Sources */,
				3FCC9F7F1CE2337E0066CE57 /* RevealRoleViewController.swift in Sources */,
				3BEC003A1CB5602B00DAE876 /* AppDelegate.swift in Sources */,
				3F4315B01CE974C400FB7FFA /* RPSCountdownViewController.swift in Sources */,
				3BEC00841CB6AF7900DAE876 /* GameSettingsViewController.swift in Sources */,
				3B16D2E71CBE9C6800BE562C /* RPSViewController.swift in Sources */,
				3FCC9F771CE232B60066CE57 /* DefenseViewController.swift in Sources */,
				3FCC9F731CE232730066CE57 /* DayViewController.swift in Sources */,
				3BEC00861CB6AFE700DAE876 /* LobbyListViewController.swift in Sources */,
				3BD236831CEA1BD800AC6A1A /* RPSReadyViewController.swift in Sources */,
				3FCC9F821CE233BE0066CE57 /* MafiaGame.swift in Sources */,
				3FCC9F751CE232960066CE57 /* NightViewController.swift in Sources */,
				3BEC00821CB6AF6800DAE876 /* GameSelectionViewController.swift in Sources */,
				3BEC008A1CB6B16900DAE876 /* JoinWithNameViewController.swift in Sources */,
			);
			runOnlyForDeploymentPostprocessing = 0;
		};
		3BEC00461CB5602C00DAE876 /* Sources */ = {
			isa = PBXSourcesBuildPhase;
			buildActionMask = 2147483647;
			files = (
				3BEC004F1CB5602C00DAE876 /* Bluetooth_PartyTests.swift in Sources */,
			);
			runOnlyForDeploymentPostprocessing = 0;
		};
		3BEC00511CB5602C00DAE876 /* Sources */ = {
			isa = PBXSourcesBuildPhase;
			buildActionMask = 2147483647;
			files = (
				3BEC005A1CB5602C00DAE876 /* Bluetooth_PartyUITests.swift in Sources */,
			);
			runOnlyForDeploymentPostprocessing = 0;
		};
/* End PBXSourcesBuildPhase section */

/* Begin PBXTargetDependency section */
		3BEC004C1CB5602C00DAE876 /* PBXTargetDependency */ = {
			isa = PBXTargetDependency;
			target = 3BEC00351CB5602B00DAE876 /* Bluetooth Party */;
			targetProxy = 3BEC004B1CB5602C00DAE876 /* PBXContainerItemProxy */;
		};
		3BEC00571CB5602C00DAE876 /* PBXTargetDependency */ = {
			isa = PBXTargetDependency;
			target = 3BEC00351CB5602B00DAE876 /* Bluetooth Party */;
			targetProxy = 3BEC00561CB5602C00DAE876 /* PBXContainerItemProxy */;
		};
/* End PBXTargetDependency section */

/* Begin PBXVariantGroup section */
		3BEC00421CB5602B00DAE876 /* LaunchScreen.storyboard */ = {
			isa = PBXVariantGroup;
			children = (
				3BEC00431CB5602B00DAE876 /* Base */,
			);
			name = LaunchScreen.storyboard;
			sourceTree = "<group>";
		};
/* End PBXVariantGroup section */

/* Begin XCBuildConfiguration section */
		3BEC005C1CB5602C00DAE876 /* Debug */ = {
			isa = XCBuildConfiguration;
			buildSettings = {
				ALWAYS_SEARCH_USER_PATHS = NO;
				CLANG_CXX_LANGUAGE_STANDARD = "gnu++0x";
				CLANG_CXX_LIBRARY = "libc++";
				CLANG_ENABLE_MODULES = YES;
				CLANG_ENABLE_OBJC_ARC = YES;
				CLANG_WARN_BOOL_CONVERSION = YES;
				CLANG_WARN_CONSTANT_CONVERSION = YES;
				CLANG_WARN_DIRECT_OBJC_ISA_USAGE = YES_ERROR;
				CLANG_WARN_EMPTY_BODY = YES;
				CLANG_WARN_ENUM_CONVERSION = YES;
				CLANG_WARN_INT_CONVERSION = YES;
				CLANG_WARN_OBJC_ROOT_CLASS = YES_ERROR;
				CLANG_WARN_UNREACHABLE_CODE = YES;
				CLANG_WARN__DUPLICATE_METHOD_MATCH = YES;
				"CODE_SIGN_IDENTITY[sdk=iphoneos*]" = "iPhone Developer";
				COPY_PHASE_STRIP = NO;
				DEBUG_INFORMATION_FORMAT = dwarf;
				ENABLE_STRICT_OBJC_MSGSEND = YES;
				ENABLE_TESTABILITY = YES;
				GCC_C_LANGUAGE_STANDARD = gnu99;
				GCC_DYNAMIC_NO_PIC = NO;
				GCC_NO_COMMON_BLOCKS = YES;
				GCC_OPTIMIZATION_LEVEL = 0;
				GCC_PREPROCESSOR_DEFINITIONS = (
					"DEBUG=1",
					"$(inherited)",
				);
				GCC_WARN_64_TO_32_BIT_CONVERSION = YES;
				GCC_WARN_ABOUT_RETURN_TYPE = YES_ERROR;
				GCC_WARN_UNDECLARED_SELECTOR = YES;
				GCC_WARN_UNINITIALIZED_AUTOS = YES_AGGRESSIVE;
				GCC_WARN_UNUSED_FUNCTION = YES;
				GCC_WARN_UNUSED_VARIABLE = YES;
				IPHONEOS_DEPLOYMENT_TARGET = 9.2;
				MTL_ENABLE_DEBUG_INFO = YES;
				ONLY_ACTIVE_ARCH = YES;
				SDKROOT = iphoneos;
				SWIFT_OPTIMIZATION_LEVEL = "-Onone";
			};
			name = Debug;
		};
		3BEC005D1CB5602C00DAE876 /* Release */ = {
			isa = XCBuildConfiguration;
			buildSettings = {
				ALWAYS_SEARCH_USER_PATHS = NO;
				CLANG_CXX_LANGUAGE_STANDARD = "gnu++0x";
				CLANG_CXX_LIBRARY = "libc++";
				CLANG_ENABLE_MODULES = YES;
				CLANG_ENABLE_OBJC_ARC = YES;
				CLANG_WARN_BOOL_CONVERSION = YES;
				CLANG_WARN_CONSTANT_CONVERSION = YES;
				CLANG_WARN_DIRECT_OBJC_ISA_USAGE = YES_ERROR;
				CLANG_WARN_EMPTY_BODY = YES;
				CLANG_WARN_ENUM_CONVERSION = YES;
				CLANG_WARN_INT_CONVERSION = YES;
				CLANG_WARN_OBJC_ROOT_CLASS = YES_ERROR;
				CLANG_WARN_UNREACHABLE_CODE = YES;
				CLANG_WARN__DUPLICATE_METHOD_MATCH = YES;
				"CODE_SIGN_IDENTITY[sdk=iphoneos*]" = "iPhone Developer";
				COPY_PHASE_STRIP = NO;
				DEBUG_INFORMATION_FORMAT = "dwarf-with-dsym";
				ENABLE_NS_ASSERTIONS = NO;
				ENABLE_STRICT_OBJC_MSGSEND = YES;
				GCC_C_LANGUAGE_STANDARD = gnu99;
				GCC_NO_COMMON_BLOCKS = YES;
				GCC_WARN_64_TO_32_BIT_CONVERSION = YES;
				GCC_WARN_ABOUT_RETURN_TYPE = YES_ERROR;
				GCC_WARN_UNDECLARED_SELECTOR = YES;
				GCC_WARN_UNINITIALIZED_AUTOS = YES_AGGRESSIVE;
				GCC_WARN_UNUSED_FUNCTION = YES;
				GCC_WARN_UNUSED_VARIABLE = YES;
				IPHONEOS_DEPLOYMENT_TARGET = 9.2;
				MTL_ENABLE_DEBUG_INFO = NO;
				SDKROOT = iphoneos;
				VALIDATE_PRODUCT = YES;
			};
			name = Release;
		};
		3BEC005F1CB5602C00DAE876 /* Debug */ = {
			isa = XCBuildConfiguration;
			buildSettings = {
				ASSETCATALOG_COMPILER_APPICON_NAME = AppIcon;
				CODE_SIGN_IDENTITY = "iPhone Developer: ccross@bsd220.org (7VUX6PD5ZK)";
				"CODE_SIGN_IDENTITY[sdk=iphoneos*]" = "iPhone Developer";
				INFOPLIST_FILE = "Bluetooth Party/Info.plist";
				LD_RUNPATH_SEARCH_PATHS = "$(inherited) @executable_path/Frameworks";
				PRODUCT_BUNDLE_IDENTIFIER = com.btpdt.BluetoothParty;
				PRODUCT_NAME = "$(TARGET_NAME)";
				PROVISIONING_PROFILE = "";
				TARGETED_DEVICE_FAMILY = 1;
			};
			name = Debug;
		};
		3BEC00601CB5602C00DAE876 /* Release */ = {
			isa = XCBuildConfiguration;
			buildSettings = {
				ASSETCATALOG_COMPILER_APPICON_NAME = AppIcon;
				CODE_SIGN_IDENTITY = "iPhone Developer: ccross@bsd220.org (7VUX6PD5ZK)";
				"CODE_SIGN_IDENTITY[sdk=iphoneos*]" = "iPhone Developer: ccross@bsd220.org (7VUX6PD5ZK)";
				INFOPLIST_FILE = "Bluetooth Party/Info.plist";
				LD_RUNPATH_SEARCH_PATHS = "$(inherited) @executable_path/Frameworks";
				PRODUCT_BUNDLE_IDENTIFIER = com.btpdt.BluetoothParty;
				PRODUCT_NAME = "$(TARGET_NAME)";
				PROVISIONING_PROFILE = "";
				TARGETED_DEVICE_FAMILY = 1;
			};
			name = Release;
		};
		3BEC00621CB5602C00DAE876 /* Debug */ = {
			isa = XCBuildConfiguration;
			buildSettings = {
				BUNDLE_LOADER = "$(TEST_HOST)";
				INFOPLIST_FILE = "Bluetooth PartyTests/Info.plist";
				LD_RUNPATH_SEARCH_PATHS = "$(inherited) @executable_path/Frameworks @loader_path/Frameworks";
				PRODUCT_BUNDLE_IDENTIFIER = "com.btpdt.Bluetooth-PartyTests";
				PRODUCT_NAME = "$(TARGET_NAME)";
				TEST_HOST = "$(BUILT_PRODUCTS_DIR)/Bluetooth Party.app/Bluetooth Party";
			};
			name = Debug;
		};
		3BEC00631CB5602C00DAE876 /* Release */ = {
			isa = XCBuildConfiguration;
			buildSettings = {
				BUNDLE_LOADER = "$(TEST_HOST)";
				INFOPLIST_FILE = "Bluetooth PartyTests/Info.plist";
				LD_RUNPATH_SEARCH_PATHS = "$(inherited) @executable_path/Frameworks @loader_path/Frameworks";
				PRODUCT_BUNDLE_IDENTIFIER = "com.btpdt.Bluetooth-PartyTests";
				PRODUCT_NAME = "$(TARGET_NAME)";
				TEST_HOST = "$(BUILT_PRODUCTS_DIR)/Bluetooth Party.app/Bluetooth Party";
			};
			name = Release;
		};
		3BEC00651CB5602C00DAE876 /* Debug */ = {
			isa = XCBuildConfiguration;
			buildSettings = {
				INFOPLIST_FILE = "Bluetooth PartyUITests/Info.plist";
				LD_RUNPATH_SEARCH_PATHS = "$(inherited) @executable_path/Frameworks @loader_path/Frameworks";
				PRODUCT_BUNDLE_IDENTIFIER = "com.btpdt.Bluetooth-PartyUITests";
				PRODUCT_NAME = "$(TARGET_NAME)";
				TEST_TARGET_NAME = "Bluetooth Party";
				USES_XCTRUNNER = YES;
			};
			name = Debug;
		};
		3BEC00661CB5602C00DAE876 /* Release */ = {
			isa = XCBuildConfiguration;
			buildSettings = {
				INFOPLIST_FILE = "Bluetooth PartyUITests/Info.plist";
				LD_RUNPATH_SEARCH_PATHS = "$(inherited) @executable_path/Frameworks @loader_path/Frameworks";
				PRODUCT_BUNDLE_IDENTIFIER = "com.btpdt.Bluetooth-PartyUITests";
				PRODUCT_NAME = "$(TARGET_NAME)";
				TEST_TARGET_NAME = "Bluetooth Party";
				USES_XCTRUNNER = YES;
			};
			name = Release;
		};
/* End XCBuildConfiguration section */

/* Begin XCConfigurationList section */
		3BEC00311CB5602B00DAE876 /* Build configuration list for PBXProject "Bluetooth Party" */ = {
			isa = XCConfigurationList;
			buildConfigurations = (
				3BEC005C1CB5602C00DAE876 /* Debug */,
				3BEC005D1CB5602C00DAE876 /* Release */,
			);
			defaultConfigurationIsVisible = 0;
			defaultConfigurationName = Release;
		};
		3BEC005E1CB5602C00DAE876 /* Build configuration list for PBXNativeTarget "Bluetooth Party" */ = {
			isa = XCConfigurationList;
			buildConfigurations = (
				3BEC005F1CB5602C00DAE876 /* Debug */,
				3BEC00601CB5602C00DAE876 /* Release */,
			);
			defaultConfigurationIsVisible = 0;
			defaultConfigurationName = Release;
		};
		3BEC00611CB5602C00DAE876 /* Build configuration list for PBXNativeTarget "Bluetooth PartyTests" */ = {
			isa = XCConfigurationList;
			buildConfigurations = (
				3BEC00621CB5602C00DAE876 /* Debug */,
				3BEC00631CB5602C00DAE876 /* Release */,
			);
			defaultConfigurationIsVisible = 0;
			defaultConfigurationName = Release;
		};
		3BEC00641CB5602C00DAE876 /* Build configuration list for PBXNativeTarget "Bluetooth PartyUITests" */ = {
			isa = XCConfigurationList;
			buildConfigurations = (
				3BEC00651CB5602C00DAE876 /* Debug */,
				3BEC00661CB5602C00DAE876 /* Release */,
			);
			defaultConfigurationIsVisible = 0;
			defaultConfigurationName = Release;
		};
/* End XCConfigurationList section */
	};
	rootObject = 3BEC002E1CB5602B00DAE876 /* Project object */;
}
